
Microsoft Visual Studio Solution File, Format Version 9.00
# Visual Studio 2005
Project("{FAE04EC0-301F-11D3-BF4B-00C04F79EFBC}") = "themonospot-plugin-interface", "themonospot-plugin-interface.csproj", "{3397AC59-BBD5-418B-8EED-3446035DF24E}"
EndProject
Global
	GlobalSection(SolutionConfigurationPlatforms) = preSolution
		Debug|Any CPU = Debug|Any CPU
		Release|Any CPU = Release|Any CPU
	EndGlobalSection
	GlobalSection(ProjectConfigurationPlatforms) = postSolution
		{3397AC59-BBD5-418B-8EED-3446035DF24E}.Debug|Any CPU.ActiveCfg = Debug|Any CPU
		{3397AC59-BBD5-418B-8EED-3446035DF24E}.Debug|Any CPU.Build.0 = Debug|Any CPU
		{3397AC59-BBD5-418B-8EED-3446035DF24E}.Release|Any CPU.ActiveCfg = Release|Any CPU
		{3397AC59-BBD5-418B-8EED-3446035DF24E}.Release|Any CPU.Build.0 = Release|Any CPU
	EndGlobalSection
	GlobalSection(MonoDevelopProperties) = preSolution
		description = Interface of plugins for themonospot application
		version = 0.1.0
		StartupItem = themonospot-plugin-interface.csproj
	EndGlobalSection
EndGlobal
