
Microsoft Visual Studio Solution File, Format Version 9.00
# Visual Studio 2005
Project("{FAE04EC0-301F-11D3-BF4B-00C04F79EFBC}") = "themonospot-plugin-avi", "themonospot-plugin-avi.csproj", "{0CFA67CF-76DA-4E96-8241-7CC72AFDD29D}"
EndProject
Project("{FAE04EC0-301F-11D3-BF4B-00C04F79EFBC}") = "themonospot-plugin-interface", "..\..\themonospot-plugin-interface\themonospot-plugin-interface.csproj", "{3397AC59-BBD5-418B-8EED-3446035DF24E}"
EndProject
Global
	GlobalSection(SolutionConfigurationPlatforms) = preSolution
		Debug|Any CPU = Debug|Any CPU
		Release|Any CPU = Release|Any CPU
	EndGlobalSection
	GlobalSection(ProjectConfigurationPlatforms) = postSolution
		{0CFA67CF-76DA-4E96-8241-7CC72AFDD29D}.Debug|Any CPU.ActiveCfg = Debug|Any CPU
		{0CFA67CF-76DA-4E96-8241-7CC72AFDD29D}.Debug|Any CPU.Build.0 = Debug|Any CPU
		{0CFA67CF-76DA-4E96-8241-7CC72AFDD29D}.Release|Any CPU.ActiveCfg = Release|Any CPU
		{0CFA67CF-76DA-4E96-8241-7CC72AFDD29D}.Release|Any CPU.Build.0 = Release|Any CPU
		{3397AC59-BBD5-418B-8EED-3446035DF24E}.Debug|Any CPU.ActiveCfg = Debug|Any CPU
		{3397AC59-BBD5-418B-8EED-3446035DF24E}.Debug|Any CPU.Build.0 = Debug|Any CPU
		{3397AC59-BBD5-418B-8EED-3446035DF24E}.Release|Any CPU.ActiveCfg = Release|Any CPU
		{3397AC59-BBD5-418B-8EED-3446035DF24E}.Release|Any CPU.Build.0 = Release|Any CPU
	EndGlobalSection
	GlobalSection(MonoDevelopProperties) = preSolution
		description = themonospot-base plugin to manage Avi files
		version = 0.1.0
		StartupItem = themonospot-plugin-avi.csproj
	EndGlobalSection
EndGlobal
