
Microsoft Visual Studio Solution File, Format Version 9.00
# Visual Studio 2005
Project("{FAE04EC0-301F-11D3-BF4B-00C04F79EFBC}") = "themonospot-gui-gtk", "themonospot-gui-gtk.csproj", "{B9BC1345-2361-4652-A4D3-096DEC716DD8}"
EndProject
Global
	GlobalSection(SolutionConfigurationPlatforms) = preSolution
		Debug|Any CPU = Debug|Any CPU
		Release|Any CPU = Release|Any CPU
	EndGlobalSection
	GlobalSection(ProjectConfigurationPlatforms) = postSolution
		{B9BC1345-2361-4652-A4D3-096DEC716DD8}.Debug|Any CPU.ActiveCfg = Debug|Any CPU
		{B9BC1345-2361-4652-A4D3-096DEC716DD8}.Debug|Any CPU.Build.0 = Debug|Any CPU
		{B9BC1345-2361-4652-A4D3-096DEC716DD8}.Release|Any CPU.ActiveCfg = Release|Any CPU
		{B9BC1345-2361-4652-A4D3-096DEC716DD8}.Release|Any CPU.Build.0 = Release|Any CPU
	EndGlobalSection
	GlobalSection(MonoDevelopProperties) = preSolution
		description = Gtk gui for themonospot-base
		version = 0.2.0
		StartupItem = themonospot-gui-gtk.csproj
	EndGlobalSection
EndGlobal
