
Microsoft Visual Studio Solution File, Format Version 9.00
# Visual Studio 2005
Project("{FAE04EC0-301F-11D3-BF4B-00C04F79EFBC}") = "themonospot-gui-qt", "themonospot-gui-qt.csproj", "{5B444F5B-ED36-413D-9E2A-32B757885096}"
EndProject
Global
	GlobalSection(SolutionConfigurationPlatforms) = preSolution
		Debug|Any CPU = Debug|Any CPU
		Release|Any CPU = Release|Any CPU
	EndGlobalSection
	GlobalSection(ProjectConfigurationPlatforms) = postSolution
		{5B444F5B-ED36-413D-9E2A-32B757885096}.Debug|Any CPU.ActiveCfg = Debug|Any CPU
		{5B444F5B-ED36-413D-9E2A-32B757885096}.Debug|Any CPU.Build.0 = Debug|Any CPU
		{5B444F5B-ED36-413D-9E2A-32B757885096}.Release|Any CPU.ActiveCfg = Release|Any CPU
		{5B444F5B-ED36-413D-9E2A-32B757885096}.Release|Any CPU.Build.0 = Release|Any CPU
	EndGlobalSection
	GlobalSection(MonoDevelopProperties) = preSolution
		description = Qt gui for themonospot-base
		version = 0.1.2
		StartupItem = themonospot-gui-qt.csproj
	EndGlobalSection
EndGlobal
