
Microsoft Visual Studio Solution File, Format Version 9.00
# Visual Studio 2005
# SharpDevelop 2.2.0.2595
Project("{FAE04EC0-301F-11D3-BF4B-00C04F79EFBC}") = "themonospot-base", "themonospot-base.csproj", "{6266B1E9-6B30-431F-AFAD-9990879B6ED9}"
EndProject
Global
	GlobalSection(SolutionConfigurationPlatforms) = preSolution
		Debug|Any CPU = Debug|Any CPU
		Release|Any CPU = Release|Any CPU
	EndGlobalSection
	GlobalSection(ProjectConfigurationPlatforms) = postSolution
		{6266B1E9-6B30-431F-AFAD-9990879B6ED9}.Debug|Any CPU.Build.0 = Debug|Any CPU
		{6266B1E9-6B30-431F-AFAD-9990879B6ED9}.Debug|Any CPU.ActiveCfg = Debug|Any CPU
		{6266B1E9-6B30-431F-AFAD-9990879B6ED9}.Release|Any CPU.Build.0 = Release|Any CPU
		{6266B1E9-6B30-431F-AFAD-9990879B6ED9}.Release|Any CPU.ActiveCfg = Release|Any CPU
	EndGlobalSection
EndGlobal
